// !$*UTF8*$!
{
	archiveVersion = 1;
	classes = {
	};
	objectVersion = 46;
	objects = {

/* Begin PBXBuildFile section */
		831BFDBAFA97F5C024B63FD4 /* Pods.framework in Frameworks */ = {isa = PBXBuildFile; fileRef = 884711153AD3C226077D4221 /* Pods.framework */; settings = {ATTRIBUTES = (Weak, ); }; };
		986DA05E1AE68D8600849285 /* AppDelegate.swift in Sources */ = {isa = PBXBuildFile; fileRef = 986DA05D1AE68D8600849285 /* AppDelegate.swift */; };
		986DA0601AE68D8600849285 /* ViewController.swift in Sources */ = {isa = PBXBuildFile; fileRef = 986DA05F1AE68D8600849285 /* ViewController.swift */; };
		986DA0631AE68D8600849285 /* Main.storyboard in Resources */ = {isa = PBXBuildFile; fileRef = 986DA0611AE68D8600849285 /* Main.storyboard */; };
		986DA0651AE68D8600849285 /* Images.xcassets in Resources */ = {isa = PBXBuildFile; fileRef = 986DA0641AE68D8600849285 /* Images.xcassets */; };
		986DA0681AE68D8600849285 /* LaunchScreen.xib in Resources */ = {isa = PBXBuildFile; fileRef = 986DA0661AE68D8600849285 /* LaunchScreen.xib */; };
		986DA0741AE68D8600849285 /* Assignment_08_WeatherTests.swift in Sources */ = {isa = PBXBuildFile; fileRef = 986DA0731AE68D8600849285 /* Assignment_08_WeatherTests.swift */; };
		986DA07E1AE68FFB00849285 /* ForecastModel.swift in Sources */ = {isa = PBXBuildFile; fileRef = 986DA07D1AE68FFB00849285 /* ForecastModel.swift */; };
/* End PBXBuildFile section */

/* Begin PBXContainerItemProxy section */
		986DA06E1AE68D8600849285 /* PBXContainerItemProxy */ = {
			isa = PBXContainerItemProxy;
			containerPortal = 986DA0501AE68D8600849285 /* Project object */;
			proxyType = 1;
			remoteGlobalIDString = 986DA0571AE68D8600849285;
			remoteInfo = "Assignment 08 Weather";
		};
/* End PBXContainerItemProxy section */

/* Begin PBXFileReference section */
		37E45D9D2C9A8893E8B56158 /* Pods.debug.xcconfig */ = {isa = PBXFileReference; includeInIndex = 1; lastKnownFileType = text.xcconfig; name = Pods.debug.xcconfig; path = "Pods/Target Support Files/Pods/Pods.debug.xcconfig"; sourceTree = "<group>"; };
		4576D6B5759E181CA461D9C0 /* Pods.release.xcconfig */ = {isa = PBXFileReference; includeInIndex = 1; lastKnownFileType = text.xcconfig; name = Pods.release.xcconfig; path = "Pods/Target Support Files/Pods/Pods.release.xcconfig"; sourceTree = "<group>"; };
		884711153AD3C226077D4221 /* Pods.framework */ = {isa = PBXFileReference; explicitFileType = wrapper.framework; includeInIndex = 0; path = Pods.framework; sourceTree = BUILT_PRODUCTS_DIR; };
		986DA0581AE68D8600849285 /* Assignment 08 Weather.app */ = {isa = PBXFileReference; explicitFileType = wrapper.application; includeInIndex = 0; path = "Assignment 08 Weather.app"; sourceTree = BUILT_PRODUCTS_DIR; };
		986DA05C1AE68D8600849285 /* Info.plist */ = {isa = PBXFileReference; lastKnownFileType = text.plist.xml; path = Info.plist; sourceTree = "<group>"; };
		986DA05D1AE68D8600849285 /* AppDelegate.swift */ = {isa = PBXFileReference; lastKnownFileType = sourcecode.swift; path = AppDelegate.swift; sourceTree = "<group>"; };
		986DA05F1AE68D8600849285 /* ViewController.swift */ = {isa = PBXFileReference; lastKnownFileType = sourcecode.swift; path = ViewController.swift; sourceTree = "<group>"; };
		986DA0621AE68D8600849285 /* Base */ = {isa = PBXFileReference; lastKnownFileType = file.storyboard; name = Base; path = Base.lproj/Main.storyboard; sourceTree = "<group>"; };
		986DA0641AE68D8600849285 /* Images.xcassets */ = {isa = PBXFileReference; lastKnownFileType = folder.assetcatalog; path = Images.xcassets; sourceTree = "<group>"; };
		986DA0671AE68D8600849285 /* Base */ = {isa = PBXFileReference; lastKnownFileType = file.xib; name = Base; path = Base.lproj/LaunchScreen.xib; sourceTree = "<group>"; };
		986DA06D1AE68D8600849285 /* Assignment 08 WeatherTests.xctest */ = {isa = PBXFileReference; explicitFileType = wrapper.cfbundle; includeInIndex = 0; path = "Assignment 08 WeatherTests.xctest"; sourceTree = BUILT_PRODUCTS_DIR; };
		986DA0721AE68D8600849285 /* Info.plist */ = {isa = PBXFileReference; lastKnownFileType = text.plist.xml; path = Info.plist; sourceTree = "<group>"; };
		986DA0731AE68D8600849285 /* Assignment_08_WeatherTests.swift */ = {isa = PBXFileReference; lastKnownFileType = sourcecode.swift; path = Assignment_08_WeatherTests.swift; sourceTree = "<group>"; };
		986DA07D1AE68FFB00849285 /* ForecastModel.swift */ = {isa = PBXFileReference; fileEncoding = 4; lastKnownFileType = sourcecode.swift; path = ForecastModel.swift; sourceTree = "<group>"; };
/* End PBXFileReference section */

/* Begin PBXFrameworksBuildPhase section */
		986DA0551AE68D8600849285 /* Frameworks */ = {
			isa = PBXFrameworksBuildPhase;
			buildActionMask = 2147483647;
			files = (
				831BFDBAFA97F5C024B63FD4 /* Pods.framework in Frameworks */,
			);
			runOnlyForDeploymentPostprocessing = 0;
		};
		986DA06A1AE68D8600849285 /* Frameworks */ = {
			isa = PBXFrameworksBuildPhase;
			buildActionMask = 2147483647;
			files = (
			);
			runOnlyForDeploymentPostprocessing = 0;
		};
/* End PBXFrameworksBuildPhase section */

/* Begin PBXGroup section */
		2940AC2633F4B00B7DC606A3 /* Pods */ = {
			isa = PBXGroup;
			children = (
				37E45D9D2C9A8893E8B56158 /* Pods.debug.xcconfig */,
				4576D6B5759E181CA461D9C0 /* Pods.release.xcconfig */,
			);
			name = Pods;
			sourceTree = "<group>";
		};
		986DA04F1AE68D8600849285 = {
			isa = PBXGroup;
			children = (
				986DA05A1AE68D8600849285 /* Assignment 08 Weather */,
				986DA0701AE68D8600849285 /* Assignment 08 WeatherTests */,
				986DA0591AE68D8600849285 /* Products */,
				2940AC2633F4B00B7DC606A3 /* Pods */,
				FCF28CAB6044E814862B0218 /* Frameworks */,
			);
			sourceTree = "<group>";
		};
		986DA0591AE68D8600849285 /* Products */ = {
			isa = PBXGroup;
			children = (
				986DA0581AE68D8600849285 /* Assignment 08 Weather.app */,
				986DA06D1AE68D8600849285 /* Assignment 08 WeatherTests.xctest */,
			);
			name = Products;
			sourceTree = "<group>";
		};
		986DA05A1AE68D8600849285 /* Assignment 08 Weather */ = {
			isa = PBXGroup;
			children = (
				986DA05D1AE68D8600849285 /* AppDelegate.swift */,
				986DA05F1AE68D8600849285 /* ViewController.swift */,
				986DA07D1AE68FFB00849285 /* ForecastModel.swift */,
				986DA0611AE68D8600849285 /* Main.storyboard */,
				986DA0641AE68D8600849285 /* Images.xcassets */,
				986DA0661AE68D8600849285 /* LaunchScreen.xib */,
				986DA05B1AE68D8600849285 /* Supporting Files */,
			);
			path = "Assignment 08 Weather";
			sourceTree = "<group>";
		};
		986DA05B1AE68D8600849285 /* Supporting Files */ = {
			isa = PBXGroup;
			children = (
				986DA05C1AE68D8600849285 /* Info.plist */,
			);
			name = "Supporting Files";
			sourceTree = "<group>";
		};
		986DA0701AE68D8600849285 /* Assignment 08 WeatherTests */ = {
			isa = PBXGroup;
			children = (
				986DA0731AE68D8600849285 /* Assignment_08_WeatherTests.swift */,
				986DA0711AE68D8600849285 /* Supporting Files */,
			);
			path = "Assignment 08 WeatherTests";
			sourceTree = "<group>";
		};
		986DA0711AE68D8600849285 /* Supporting Files */ = {
			isa = PBXGroup;
			children = (
				986DA0721AE68D8600849285 /* Info.plist */,
			);
			name = "Supporting Files";
			sourceTree = "<group>";
		};
		FCF28CAB6044E814862B0218 /* Frameworks */ = {
			isa = PBXGroup;
			children = (
				884711153AD3C226077D4221 /* Pods.framework */,
			);
			name = Frameworks;
			sourceTree = "<group>";
		};
/* End PBXGroup section */

/* Begin PBXNativeTarget section */
		986DA0571AE68D8600849285 /* Assignment 08 Weather */ = {
			isa = PBXNativeTarget;
			buildConfigurationList = 986DA0771AE68D8600849285 /* Build configuration list for PBXNativeTarget "Assignment 08 Weather" */;
			buildPhases = (
				07533AE97F3714BD1E29842B /* Check Pods Manifest.lock */,
				986DA0541AE68D8600849285 /* Sources */,
				986DA0551AE68D8600849285 /* Frameworks */,
				986DA0561AE68D8600849285 /* Resources */,
				61DB726E1A9702E81AD96256 /* Embed Pods Frameworks */,
				269DFCA157DCFE5B060B0139 /* Copy Pods Resources */,
			);
			buildRules = (
			);
			dependencies = (
			);
			name = "Assignment 08 Weather";
			productName = "Assignment 08 Weather";
			productReference = 986DA0581AE68D8600849285 /* Assignment 08 Weather.app */;
			productType = "com.apple.product-type.application";
		};
		986DA06C1AE68D8600849285 /* Assignment 08 WeatherTests */ = {
			isa = PBXNativeTarget;
			buildConfigurationList = 986DA07A1AE68D8600849285 /* Build configuration list for PBXNativeTarget "Assignment 08 WeatherTests" */;
			buildPhases = (
				986DA0691AE68D8600849285 /* Sources */,
				986DA06A1AE68D8600849285 /* Frameworks */,
				986DA06B1AE68D8600849285 /* Resources */,
			);
			buildRules = (
			);
			dependencies = (
				986DA06F1AE68D8600849285 /* PBXTargetDependency */,
			);
			name = "Assignment 08 WeatherTests";
			productName = "Assignment 08 WeatherTests";
			productReference = 986DA06D1AE68D8600849285 /* Assignment 08 WeatherTests.xctest */;
			productType = "com.apple.product-type.bundle.unit-test";
		};
/* End PBXNativeTarget section */

/* Begin PBXProject section */
		986DA0501AE68D8600849285 /* Project object */ = {
			isa = PBXProject;
			attributes = {
				LastUpgradeCheck = 0630;
				ORGANIZATIONNAME = "Caitlin Osbahr";
				TargetAttributes = {
					986DA0571AE68D8600849285 = {
						CreatedOnToolsVersion = 6.3;
					};
					986DA06C1AE68D8600849285 = {
						CreatedOnToolsVersion = 6.3;
						TestTargetID = 986DA0571AE68D8600849285;
					};
				};
			};
			buildConfigurationList = 986DA0531AE68D8600849285 /* Build configuration list for PBXProject "Assignment 08 Weather" */;
			compatibilityVersion = "Xcode 3.2";
			developmentRegion = English;
			hasScannedForEncodings = 0;
			knownRegions = (
				en,
				Base,
			);
			mainGroup = 986DA04F1AE68D8600849285;
			productRefGroup = 986DA0591AE68D8600849285 /* Products */;
			projectDirPath = "";
			projectRoot = "";
			targets = (
				986DA0571AE68D8600849285 /* Assignment 08 Weather */,
				986DA06C1AE68D8600849285 /* Assignment 08 WeatherTests */,
			);
		};
/* End PBXProject section */

/* Begin PBXResourcesBuildPhase section */
		986DA0561AE68D8600849285 /* Resources */ = {
			isa = PBXResourcesBuildPhase;
			buildActionMask = 2147483647;
			files = (
				986DA0631AE68D8600849285 /* Main.storyboard in Resources */,
				986DA0681AE68D8600849285 /* LaunchScreen.xib in Resources */,
				986DA0651AE68D8600849285 /* Images.xcassets in Resources */,
			);
			runOnlyForDeploymentPostprocessing = 0;
		};
		986DA06B1AE68D8600849285 /* Resources */ = {
			isa = PBXResourcesBuildPhase;
			buildActionMask = 2147483647;
			files = (
			);
			runOnlyForDeploymentPostprocessing = 0;
		};
/* End PBXResourcesBuildPhase section */

/* Begin PBXShellScriptBuildPhase section */
		07533AE97F3714BD1E29842B /* Check Pods Manifest.lock */ = {
			isa = PBXShellScriptBuildPhase;
			buildActionMask = 2147483647;
			files = (
			);
			inputPaths = (
			);
			name = "Check Pods Manifest.lock";
			outputPaths = (
			);
			runOnlyForDeploymentPostprocessing = 0;
			shellPath = /bin/sh;
			shellScript = "diff \"${PODS_ROOT}/../Podfile.lock\" \"${PODS_ROOT}/Manifest.lock\" > /dev/null\nif [[ $? != 0 ]] ; then\n    cat << EOM\nerror: The sandbox is not in sync with the Podfile.lock. Run 'pod install' or update your CocoaPods installation.\nEOM\n    exit 1\nfi\n";
			showEnvVarsInLog = 0;
		};
		269DFCA157DCFE5B060B0139 /* Copy Pods Resources */ = {
			isa = PBXShellScriptBuildPhase;
			buildActionMask = 2147483647;
			files = (
			);
			inputPaths = (
			);
			name = "Copy Pods Resources";
			outputPaths = (
			);
			runOnlyForDeploymentPostprocessing = 0;
			shellPath = /bin/sh;
			shellScript = "\"${SRCROOT}/Pods/Target Support Files/Pods/Pods-resources.sh\"\n";
			showEnvVarsInLog = 0;
		};
		61DB726E1A9702E81AD96256 /* Embed Pods Frameworks */ = {
			isa = PBXShellScriptBuildPhase;
			buildActionMask = 2147483647;
			files = (
			);
			inputPaths = (
			);
			name = "Embed Pods Frameworks";
			outputPaths = (
			);
			runOnlyForDeploymentPostprocessing = 0;
			shellPath = /bin/sh;
			shellScript = "\"${SRCROOT}/Pods/Target Support Files/Pods/Pods-frameworks.sh\"\n";
			showEnvVarsInLog = 0;
		};
/* End PBXShellScriptBuildPhase section */

/* Begin PBXSourcesBuildPhase section */
		986DA0541AE68D8600849285 /* Sources */ = {
			isa = PBXSourcesBuildPhase;
			buildActionMask = 2147483647;
			files = (
				986DA0601AE68D8600849285 /* ViewController.swift in Sources */,
				986DA07E1AE68FFB00849285 /* ForecastModel.swift in Sources */,
				986DA05E1AE68D8600849285 /* AppDelegate.swift in Sources */,
			);
			runOnlyForDeploymentPostprocessing = 0;
		};
		986DA0691AE68D8600849285 /* Sources */ = {
			isa = PBXSourcesBuildPhase;
			buildActionMask = 2147483647;
			files = (
				986DA0741AE68D8600849285 /* Assignment_08_WeatherTests.swift in Sources */,
			);
			runOnlyForDeploymentPostprocessing = 0;
		};
/* End PBXSourcesBuildPhase section */

/* Begin PBXTargetDependency section */
		986DA06F1AE68D8600849285 /* PBXTargetDependency */ = {
			isa = PBXTargetDependency;
			target = 986DA0571AE68D8600849285 /* Assignment 08 Weather */;
			targetProxy = 986DA06E1AE68D8600849285 /* PBXContainerItemProxy */;
		};
/* End PBXTargetDependency section */

/* Begin PBXVariantGroup section */
		986DA0611AE68D8600849285 /* Main.storyboard */ = {
			isa = PBXVariantGroup;
			children = (
				986DA0621AE68D8600849285 /* Base */,
			);
			name = Main.storyboard;
			sourceTree = "<group>";
		};
		986DA0661AE68D8600849285 /* LaunchScreen.xib */ = {
			isa = PBXVariantGroup;
			children = (
				986DA0671AE68D8600849285 /* Base */,
			);
			name = LaunchScreen.xib;
			sourceTree = "<group>";
		};
/* End PBXVariantGroup section */

/* Begin XCBuildConfiguration section */
		986DA0751AE68D8600849285 /* Debug */ = {
			isa = XCBuildConfiguration;
			buildSettings = {
				ALWAYS_SEARCH_USER_PATHS = NO;
				CLANG_CXX_LANGUAGE_STANDARD = "gnu++0x";
				CLANG_CXX_LIBRARY = "libc++";
				CLANG_ENABLE_MODULES = YES;
				CLANG_ENABLE_OBJC_ARC = YES;
				CLANG_WARN_BOOL_CONVERSION = YES;
				CLANG_WARN_CONSTANT_CONVERSION = YES;
				CLANG_WARN_DIRECT_OBJC_ISA_USAGE = YES_ERROR;
				CLANG_WARN_EMPTY_BODY = YES;
				CLANG_WARN_ENUM_CONVERSION = YES;
				CLANG_WARN_INT_CONVERSION = YES;
				CLANG_WARN_OBJC_ROOT_CLASS = YES_ERROR;
				CLANG_WARN_UNREACHABLE_CODE = YES;
				CLANG_WARN__DUPLICATE_METHOD_MATCH = YES;
				"CODE_SIGN_IDENTITY[sdk=iphoneos*]" = "iPhone Developer";
				COPY_PHASE_STRIP = NO;
				DEBUG_INFORMATION_FORMAT = "dwarf-with-dsym";
				ENABLE_STRICT_OBJC_MSGSEND = YES;
				GCC_C_LANGUAGE_STANDARD = gnu99;
				GCC_DYNAMIC_NO_PIC = NO;
				GCC_NO_COMMON_BLOCKS = YES;
				GCC_OPTIMIZATION_LEVEL = 0;
				GCC_PREPROCESSOR_DEFINITIONS = (
					"DEBUG=1",
					"$(inherited)",
				);
				GCC_SYMBOLS_PRIVATE_EXTERN = NO;
				GCC_WARN_64_TO_32_BIT_CONVERSION = YES;
				GCC_WARN_ABOUT_RETURN_TYPE = YES_ERROR;
				GCC_WARN_UNDECLARED_SELECTOR = YES;
				GCC_WARN_UNINITIALIZED_AUTOS = YES_AGGRESSIVE;
				GCC_WARN_UNUSED_FUNCTION = YES;
				GCC_WARN_UNUSED_VARIABLE = YES;
				IPHONEOS_DEPLOYMENT_TARGET = 8.3;
				MTL_ENABLE_DEBUG_INFO = YES;
				ONLY_ACTIVE_ARCH = YES;
				SDKROOT = iphoneos;
				SWIFT_OPTIMIZATION_LEVEL = "-Onone";
				TARGETED_DEVICE_FAMILY = "1,2";
			};
			name = Debug;
		};
		986DA0761AE68D8600849285 /* Release */ = {
			isa = XCBuildConfiguration;
			buildSettings = {
				ALWAYS_SEARCH_USER_PATHS = NO;
				CLANG_CXX_LANGUAGE_STANDARD = "gnu++0x";
				CLANG_CXX_LIBRARY = "libc++";
				CLANG_ENABLE_MODULES = YES;
				CLANG_ENABLE_OBJC_ARC = YES;
				CLANG_WARN_BOOL_CONVERSION = YES;
				CLANG_WARN_CONSTANT_CONVERSION = YES;
				CLANG_WARN_DIRECT_OBJC_ISA_USAGE = YES_ERROR;
				CLANG_WARN_EMPTY_BODY = YES;
				CLANG_WARN_ENUM_CONVERSION = YES;
				CLANG_WARN_INT_CONVERSION = YES;
				CLANG_WARN_OBJC_ROOT_CLASS = YES_ERROR;
				CLANG_WARN_UNREACHABLE_CODE = YES;
				CLANG_WARN__DUPLICATE_METHOD_MATCH = YES;
				"CODE_SIGN_IDENTITY[sdk=iphoneos*]" = "iPhone Developer";
				COPY_PHASE_STRIP = NO;
				DEBUG_INFORMATION_FORMAT = "dwarf-with-dsym";
				ENABLE_NS_ASSERTIONS = NO;
				ENABLE_STRICT_OBJC_MSGSEND = YES;
				GCC_C_LANGUAGE_STANDARD = gnu99;
				GCC_NO_COMMON_BLOCKS = YES;
				GCC_WARN_64_TO_32_BIT_CONVERSION = YES;
				GCC_WARN_ABOUT_RETURN_TYPE = YES_ERROR;
				GCC_WARN_UNDECLARED_SELECTOR = YES;
				GCC_WARN_UNINITIALIZED_AUTOS = YES_AGGRESSIVE;
				GCC_WARN_UNUSED_FUNCTION = YES;
				GCC_WARN_UNUSED_VARIABLE = YES;
				IPHONEOS_DEPLOYMENT_TARGET = 8.3;
				MTL_ENABLE_DEBUG_INFO = NO;
				SDKROOT = iphoneos;
				TARGETED_DEVICE_FAMILY = "1,2";
				VALIDATE_PRODUCT = YES;
			};
			name = Release;
		};
		986DA0781AE68D8600849285 /* Debug */ = {
			isa = XCBuildConfiguration;
			baseConfigurationReference = 37E45D9D2C9A8893E8B56158 /* Pods.debug.xcconfig */;
			buildSettings = {
				ASSETCATALOG_COMPILER_APPICON_NAME = AppIcon;
				INFOPLIST_FILE = "Assignment 08 Weather/Info.plist";
				LD_RUNPATH_SEARCH_PATHS = "$(inherited) @executable_path/Frameworks";
				PRODUCT_NAME = "$(TARGET_NAME)";
			};
			name = Debug;
		};
		986DA0791AE68D8600849285 /* Release */ = {
			isa = XCBuildConfiguration;
			baseConfigurationReference = 4576D6B5759E181CA461D9C0 /* Pods.release.xcconfig */;
			buildSettings = {
				ASSETCATALOG_COMPILER_APPICON_NAME = AppIcon;
				INFOPLIST_FILE = "Assignment 08 Weather/Info.plist";
				LD_RUNPATH_SEARCH_PATHS = "$(inherited) @executable_path/Frameworks";
				PRODUCT_NAME = "$(TARGET_NAME)";
			};
			name = Release;
		};
		986DA07B1AE68D8600849285 /* Debug */ = {
			isa = XCBuildConfiguration;
			buildSettings = {
				BUNDLE_LOADER = "$(TEST_HOST)";
				FRAMEWORK_SEARCH_PATHS = (
					"$(SDKROOT)/Developer/Library/Frameworks",
					"$(inherited)",
				);
				GCC_PREPROCESSOR_DEFINITIONS = (
					"DEBUG=1",
					"$(inherited)",
				);
				INFOPLIST_FILE = "Assignment 08 WeatherTests/Info.plist";
				LD_RUNPATH_SEARCH_PATHS = "$(inherited) @executable_path/Frameworks @loader_path/Frameworks";
				PRODUCT_NAME = "$(TARGET_NAME)";
				TEST_HOST = "$(BUILT_PRODUCTS_DIR)/Assignment 08 Weather.app/Assignment 08 Weather";
			};
			name = Debug;
		};
		986DA07C1AE68D8600849285 /* Release */ = {
			isa = XCBuildConfiguration;
			buildSettings = {
				BUNDLE_LOADER = "$(TEST_HOST)";
				FRAMEWORK_SEARCH_PATHS = (
					"$(SDKROOT)/Developer/Library/Frameworks",
					"$(inherited)",
				);
				INFOPLIST_FILE = "Assignment 08 WeatherTests/Info.plist";
				LD_RUNPATH_SEARCH_PATHS = "$(inherited) @executable_path/Frameworks @loader_path/Frameworks";
				PRODUCT_NAME = "$(TARGET_NAME)";
				TEST_HOST = "$(BUILT_PRODUCTS_DIR)/Assignment 08 Weather.app/Assignment 08 Weather";
			};
			name = Release;
		};
/* End XCBuildConfiguration section */

/* Begin XCConfigurationList section */
		986DA0531AE68D8600849285 /* Build configuration list for PBXProject "Assignment 08 Weather" */ = {
			isa = XCConfigurationList;
			buildConfigurations = (
				986DA0751AE68D8600849285 /* Debug */,
				986DA0761AE68D8600849285 /* Release */,
			);
			defaultConfigurationIsVisible = 0;
			defaultConfigurationName = Release;
		};
		986DA0771AE68D8600849285 /* Build configuration list for PBXNativeTarget "Assignment 08 Weather" */ = {
			isa = XCConfigurationList;
			buildConfigurations = (
				986DA0781AE68D8600849285 /* Debug */,
				986DA0791AE68D8600849285 /* Release */,
			);
			defaultConfigurationIsVisible = 0;
			defaultConfigurationName = Release;
		};
		986DA07A1AE68D8600849285 /* Build configuration list for PBXNativeTarget "Assignment 08 WeatherTests" */ = {
			isa = XCConfigurationList;
			buildConfigurations = (
				986DA07B1AE68D8600849285 /* Debug */,
				986DA07C1AE68D8600849285 /* Release */,
			);
			defaultConfigurationIsVisible = 0;
			defaultConfigurationName = Release;
		};
/* End XCConfigurationList section */
	};
	rootObject = 986DA0501AE68D8600849285 /* Project object */;
}
